
Microsoft Visual Studio Solution File, Format Version 12.00
# Visual Studio Version 17
VisualStudioVersion = 17.9.34622.214
MinimumVisualStudioVersion = 10.0.40219.1
Project("{FAE04EC0-301F-11D3-BF4B-00C04F79EFBC}") = "ComptMaelSystemV4", "ComptMaelSystemV4\ComptMaelSystemV4.csproj", "{BB1CA745-5504-44CE-929B-16B7D91ECCD4}"
EndProject
Project("{2150E333-8FDC-42A3-9474-1A3956D46DE8}") = "Solution Items", "Solution Items", "{5E4DAA35-08DC-44FC-AC88-58F35B289DE6}"
	ProjectSection(SolutionItems) = preProject
		Login_Credentials.CSV = Login_Credentials.CSV
	EndProjectSection
EndProject
Global
	GlobalSection(SolutionConfigurationPlatforms) = preSolution
		Debug|Any CPU = Debug|Any CPU
		Release|Any CPU = Release|Any CPU
	EndGlobalSection
	GlobalSection(ProjectConfigurationPlatforms) = postSolution
		{BB1CA745-5504-44CE-929B-16B7D91ECCD4}.Debug|Any CPU.ActiveCfg = Debug|Any CPU
		{BB1CA745-5504-44CE-929B-16B7D91ECCD4}.Debug|Any CPU.Build.0 = Debug|Any CPU
		{BB1CA745-5504-44CE-929B-16B7D91ECCD4}.Release|Any CPU.ActiveCfg = Release|Any CPU
		{BB1CA745-5504-44CE-929B-16B7D91ECCD4}.Release|Any CPU.Build.0 = Release|Any CPU
	EndGlobalSection
	GlobalSection(SolutionProperties) = preSolution
		HideSolutionNode = FALSE
	EndGlobalSection
	GlobalSection(ExtensibilityGlobals) = postSolution
		SolutionGuid = {EF079FB1-F342-46B7-A416-0FA5F76738D6}
	EndGlobalSection
EndGlobal
